
Microsoft Visual Studio Solution File, Format Version 12.00
# Visual Studio Version 16
VisualStudioVersion = 16.0.31702.278
MinimumVisualStudioVersion = 10.0.40219.1
Project("{FAE04EC0-301F-11D3-BF4B-00C04F79EFBC}") = "ContosoCrafts.WebSite", "ContosoCrafts.WebSite\ContosoCrafts.WebSite.csproj", "{0271EC33-2D38-44E2-8028-D7A9DED6AD55}"
EndProject
Global
	GlobalSection(SolutionConfigurationPlatforms) = preSolution
		Debug|Any CPU = Debug|Any CPU
		Release|Any CPU = Release|Any CPU
	EndGlobalSection
	GlobalSection(ProjectConfigurationPlatforms) = postSolution
		{0271EC33-2D38-44E2-8028-D7A9DED6AD55}.Debug|Any CPU.ActiveCfg = Debug|Any CPU
		{0271EC33-2D38-44E2-8028-D7A9DED6AD55}.Debug|Any CPU.Build.0 = Debug|Any CPU
		{0271EC33-2D38-44E2-8028-D7A9DED6AD55}.Release|Any CPU.ActiveCfg = Release|Any CPU
		{0271EC33-2D38-44E2-8028-D7A9DED6AD55}.Release|Any CPU.Build.0 = Release|Any CPU
	EndGlobalSection
	GlobalSection(SolutionProperties) = preSolution
		HideSolutionNode = FALSE
	EndGlobalSection
	GlobalSection(ExtensibilityGlobals) = postSolution
		SolutionGuid = {AB21032D-EB95-4E8E-AC29-1DEFF34EA07C}
	EndGlobalSection
EndGlobal
